
Microsoft Visual Studio Solution File, Format Version 12.00
# Visual Studio 14
VisualStudioVersion = 14.0.25420.1
MinimumVisualStudioVersion = 10.0.40219.1
Project("{FAE04EC0-301F-11D3-BF4B-00C04F79EFBC}") = "TestDLL", "TestDLL\TestDLL.csproj", "{8E242141-5701-40BE-A875-D87EF085B4F2}"
EndProject
Project("{FAE04EC0-301F-11D3-BF4B-00C04F79EFBC}") = "TestDLL.Tests", "TestDLL.Tests\TestDLL.Tests.csproj", "{764E5472-DA81-43C1-A394-B5F17F120232}"
EndProject
Global
	GlobalSection(SolutionConfigurationPlatforms) = preSolution
		Debug|Any CPU = Debug|Any CPU
		Release|Any CPU = Release|Any CPU
	EndGlobalSection
	GlobalSection(ProjectConfigurationPlatforms) = postSolution
		{8E242141-5701-40BE-A875-D87EF085B4F2}.Debug|Any CPU.ActiveCfg = Debug|Any CPU
		{8E242141-5701-40BE-A875-D87EF085B4F2}.Debug|Any CPU.Build.0 = Debug|Any CPU
		{8E242141-5701-40BE-A875-D87EF085B4F2}.Release|Any CPU.ActiveCfg = Release|Any CPU
		{8E242141-5701-40BE-A875-D87EF085B4F2}.Release|Any CPU.Build.0 = Release|Any CPU
		{764E5472-DA81-43C1-A394-B5F17F120232}.Debug|Any CPU.ActiveCfg = Debug|Any CPU
		{764E5472-DA81-43C1-A394-B5F17F120232}.Debug|Any CPU.Build.0 = Debug|Any CPU
		{764E5472-DA81-43C1-A394-B5F17F120232}.Release|Any CPU.ActiveCfg = Release|Any CPU
		{764E5472-DA81-43C1-A394-B5F17F120232}.Release|Any CPU.Build.0 = Release|Any CPU
	EndGlobalSection
	GlobalSection(SolutionProperties) = preSolution
		HideSolutionNode = FALSE
	EndGlobalSection
EndGlobal
